
Microsoft Visual Studio Solution File, Format Version 12.00
# Visual Studio 15
VisualStudioVersion = 15.0.28010.2019
MinimumVisualStudioVersion = 10.0.40219.1
Project("{FAE04EC0-301F-11D3-BF4B-00C04F79EFBC}") = "Linq", "Linq\Linq.csproj", "{903E4BCA-86FB-4089-8ED7-0270A0B22ABC}"
EndProject
Global
	GlobalSection(SolutionConfigurationPlatforms) = preSolution
		Debug|Any CPU = Debug|Any CPU
		Release|Any CPU = Release|Any CPU
	EndGlobalSection
	GlobalSection(ProjectConfigurationPlatforms) = postSolution
		{903E4BCA-86FB-4089-8ED7-0270A0B22ABC}.Debug|Any CPU.ActiveCfg = Debug|Any CPU
		{903E4BCA-86FB-4089-8ED7-0270A0B22ABC}.Debug|Any CPU.Build.0 = Debug|Any CPU
		{903E4BCA-86FB-4089-8ED7-0270A0B22ABC}.Release|Any CPU.ActiveCfg = Release|Any CPU
		{903E4BCA-86FB-4089-8ED7-0270A0B22ABC}.Release|Any CPU.Build.0 = Release|Any CPU
	EndGlobalSection
	GlobalSection(SolutionProperties) = preSolution
		HideSolutionNode = FALSE
	EndGlobalSection
	GlobalSection(ExtensibilityGlobals) = postSolution
		SolutionGuid = {479C36E4-25C8-4A5B-8A57-F467283DF3A4}
	EndGlobalSection
EndGlobal
